// !$*UTF8*$!
{
	archiveVersion = 1;
	classes = {
	};
	objectVersion = 46;
	objects = {

/* Begin PBXBuildFile section */
		1B9802F81ED6E98E00B7B14D /* AppDelegate.swift in Sources */ = {isa = PBXBuildFile; fileRef = 1B9802F71ED6E98E00B7B14D /* AppDelegate.swift */; };
		1B9802FA1ED6E98E00B7B14D /* ViewController.swift in Sources */ = {isa = PBXBuildFile; fileRef = 1B9802F91ED6E98E00B7B14D /* ViewController.swift */; };
		1B9802FD1ED6E98E00B7B14D /* Main.storyboard in Resources */ = {isa = PBXBuildFile; fileRef = 1B9802FB1ED6E98E00B7B14D /* Main.storyboard */; };
		1B9802FF1ED6E98E00B7B14D /* Assets.xcassets in Resources */ = {isa = PBXBuildFile; fileRef = 1B9802FE1ED6E98E00B7B14D /* Assets.xcassets */; };
		1B9803021ED6E98E00B7B14D /* LaunchScreen.storyboard in Resources */ = {isa = PBXBuildFile; fileRef = 1B9803001ED6E98E00B7B14D /* LaunchScreen.storyboard */; };
		1B98030A1ED6FF9200B7B14D /* pokemon.csv in Resources */ = {isa = PBXBuildFile; fileRef = 1B9803091ED6FF9200B7B14D /* pokemon.csv */; };
		1B98030D1ED702E000B7B14D /* Pokemon.swift in Sources */ = {isa = PBXBuildFile; fileRef = 1B98030C1ED702E000B7B14D /* Pokemon.swift */; };
		1B9803101ED70F5000B7B14D /* PokeCell.swift in Sources */ = {isa = PBXBuildFile; fileRef = 1B98030F1ED70F5000B7B14D /* PokeCell.swift */; };
		1B9803171ED723CD00B7B14D /* csv.swift in Sources */ = {isa = PBXBuildFile; fileRef = 1B9803161ED723CD00B7B14D /* csv.swift */; };
		1B9803191ED72BE000B7B14D /* pokemon.ttf in Resources */ = {isa = PBXBuildFile; fileRef = 1B9803181ED72BE000B7B14D /* pokemon.ttf */; };
		1B98031B1ED7314F00B7B14D /* music.mp3 in Resources */ = {isa = PBXBuildFile; fileRef = 1B98031A1ED7314F00B7B14D /* music.mp3 */; };
/* End PBXBuildFile section */

/* Begin PBXFileReference section */
		1B9802F41ED6E98E00B7B14D /* Pokedex-by-MehmetEroglu.app */ = {isa = PBXFileReference; explicitFileType = wrapper.application; includeInIndex = 0; path = "Pokedex-by-MehmetEroglu.app"; sourceTree = BUILT_PRODUCTS_DIR; };
		1B9802F71ED6E98E00B7B14D /* AppDelegate.swift */ = {isa = PBXFileReference; lastKnownFileType = sourcecode.swift; path = AppDelegate.swift; sourceTree = "<group>"; };
		1B9802F91ED6E98E00B7B14D /* ViewController.swift */ = {isa = PBXFileReference; lastKnownFileType = sourcecode.swift; path = ViewController.swift; sourceTree = "<group>"; };
		1B9802FC1ED6E98E00B7B14D /* Base */ = {isa = PBXFileReference; lastKnownFileType = file.storyboard; name = Base; path = Base.lproj/Main.storyboard; sourceTree = "<group>"; };
		1B9802FE1ED6E98E00B7B14D /* Assets.xcassets */ = {isa = PBXFileReference; lastKnownFileType = folder.assetcatalog; path = Assets.xcassets; sourceTree = "<group>"; };
		1B9803011ED6E98E00B7B14D /* Base */ = {isa = PBXFileReference; lastKnownFileType = file.storyboard; name = Base; path = Base.lproj/LaunchScreen.storyboard; sourceTree = "<group>"; };
		1B9803031ED6E98E00B7B14D /* Info.plist */ = {isa = PBXFileReference; lastKnownFileType = text.plist.xml; path = Info.plist; sourceTree = "<group>"; };
		1B9803091ED6FF9200B7B14D /* pokemon.csv */ = {isa = PBXFileReference; fileEncoding = 4; lastKnownFileType = text; path = pokemon.csv; sourceTree = "<group>"; };
		1B98030C1ED702E000B7B14D /* Pokemon.swift */ = {isa = PBXFileReference; fileEncoding = 4; lastKnownFileType = sourcecode.swift; path = Pokemon.swift; sourceTree = "<group>"; };
		1B98030F1ED70F5000B7B14D /* PokeCell.swift */ = {isa = PBXFileReference; fileEncoding = 4; lastKnownFileType = sourcecode.swift; path = PokeCell.swift; sourceTree = "<group>"; };
		1B9803161ED723CD00B7B14D /* csv.swift */ = {isa = PBXFileReference; fileEncoding = 4; lastKnownFileType = sourcecode.swift; path = csv.swift; sourceTree = "<group>"; };
		1B9803181ED72BE000B7B14D /* pokemon.ttf */ = {isa = PBXFileReference; lastKnownFileType = file; path = pokemon.ttf; sourceTree = "<group>"; };
		1B98031A1ED7314F00B7B14D /* music.mp3 */ = {isa = PBXFileReference; lastKnownFileType = audio.mp3; path = music.mp3; sourceTree = "<group>"; };
/* End PBXFileReference section */

/* Begin PBXFrameworksBuildPhase section */
		1B9802F11ED6E98E00B7B14D /* Frameworks */ = {
			isa = PBXFrameworksBuildPhase;
			buildActionMask = 2147483647;
			files = (
			);
			runOnlyForDeploymentPostprocessing = 0;
		};
/* End PBXFrameworksBuildPhase section */

/* Begin PBXGroup section */
		1B9802EB1ED6E98E00B7B14D = {
			isa = PBXGroup;
			children = (
				1B9802F61ED6E98E00B7B14D /* Pokedex-by-MehmetEroglu */,
				1B9802F51ED6E98E00B7B14D /* Products */,
			);
			sourceTree = "<group>";
		};
		1B9802F51ED6E98E00B7B14D /* Products */ = {
			isa = PBXGroup;
			children = (
				1B9802F41ED6E98E00B7B14D /* Pokedex-by-MehmetEroglu.app */,
			);
			name = Products;
			sourceTree = "<group>";
		};
		1B9802F61ED6E98E00B7B14D /* Pokedex-by-MehmetEroglu */ = {
			isa = PBXGroup;
			children = (
				1B98030B1ED7027400B7B14D /* Model */,
				1B98030E1ED70F2400B7B14D /* View */,
				1B9803141ED71E6200B7B14D /* Controller */,
				1B9803111ED71DDE00B7B14D /* Util */,
				1B9803151ED71EB200B7B14D /* Resources */,
				1B9802F71ED6E98E00B7B14D /* AppDelegate.swift */,
				1B9802FB1ED6E98E00B7B14D /* Main.storyboard */,
				1B9802FE1ED6E98E00B7B14D /* Assets.xcassets */,
				1B9803001ED6E98E00B7B14D /* LaunchScreen.storyboard */,
				1B9803031ED6E98E00B7B14D /* Info.plist */,
			);
			path = "Pokedex-by-MehmetEroglu";
			sourceTree = "<group>";
		};
		1B98030B1ED7027400B7B14D /* Model */ = {
			isa = PBXGroup;
			children = (
				1B98030C1ED702E000B7B14D /* Pokemon.swift */,
			);
			name = Model;
			sourceTree = "<group>";
		};
		1B98030E1ED70F2400B7B14D /* View */ = {
			isa = PBXGroup;
			children = (
				1B98030F1ED70F5000B7B14D /* PokeCell.swift */,
			);
			name = View;
			sourceTree = "<group>";
		};
		1B9803111ED71DDE00B7B14D /* Util */ = {
			isa = PBXGroup;
			children = (
				1B9803161ED723CD00B7B14D /* csv.swift */,
			);
			name = Util;
			sourceTree = "<group>";
		};
		1B9803141ED71E6200B7B14D /* Controller */ = {
			isa = PBXGroup;
			children = (
				1B9802F91ED6E98E00B7B14D /* ViewController.swift */,
			);
			name = Controller;
			sourceTree = "<group>";
		};
		1B9803151ED71EB200B7B14D /* Resources */ = {
			isa = PBXGroup;
			children = (
				1B98031A1ED7314F00B7B14D /* music.mp3 */,
				1B9803091ED6FF9200B7B14D /* pokemon.csv */,
				1B9803181ED72BE000B7B14D /* pokemon.ttf */,
			);
			name = Resources;
			sourceTree = "<group>";
		};
/* End PBXGroup section */

/* Begin PBXNativeTarget section */
		1B9802F31ED6E98E00B7B14D /* Pokedex-by-MehmetEroglu */ = {
			isa = PBXNativeTarget;
			buildConfigurationList = 1B9803061ED6E98E00B7B14D /* Build configuration list for PBXNativeTarget "Pokedex-by-MehmetEroglu" */;
			buildPhases = (
				1B9802F01ED6E98E00B7B14D /* Sources */,
				1B9802F11ED6E98E00B7B14D /* Frameworks */,
				1B9802F21ED6E98E00B7B14D /* Resources */,
			);
			buildRules = (
			);
			dependencies = (
			);
			name = "Pokedex-by-MehmetEroglu";
			productName = "Pokedex-by-MehmetEroglu";
			productReference = 1B9802F41ED6E98E00B7B14D /* Pokedex-by-MehmetEroglu.app */;
			productType = "com.apple.product-type.application";
		};
/* End PBXNativeTarget section */

/* Begin PBXProject section */
		1B9802EC1ED6E98E00B7B14D /* Project object */ = {
			isa = PBXProject;
			attributes = {
				LastSwiftUpdateCheck = 0830;
				LastUpgradeCheck = 0830;
				ORGANIZATIONNAME = "Mehmet Eroğlu";
				TargetAttributes = {
					1B9802F31ED6E98E00B7B14D = {
						CreatedOnToolsVersion = 8.3.2;
						ProvisioningStyle = Automatic;
					};
				};
			};
			buildConfigurationList = 1B9802EF1ED6E98E00B7B14D /* Build configuration list for PBXProject "Pokedex-by-MehmetEroglu" */;
			compatibilityVersion = "Xcode 3.2";
			developmentRegion = English;
			hasScannedForEncodings = 0;
			knownRegions = (
				en,
				Base,
			);
			mainGroup = 1B9802EB1ED6E98E00B7B14D;
			productRefGroup = 1B9802F51ED6E98E00B7B14D /* Products */;
			projectDirPath = "";
			projectRoot = "";
			targets = (
				1B9802F31ED6E98E00B7B14D /* Pokedex-by-MehmetEroglu */,
			);
		};
/* End PBXProject section */

/* Begin PBXResourcesBuildPhase section */
		1B9802F21ED6E98E00B7B14D /* Resources */ = {
			isa = PBXResourcesBuildPhase;
			buildActionMask = 2147483647;
			files = (
				1B9803191ED72BE000B7B14D /* pokemon.ttf in Resources */,
				1B9803021ED6E98E00B7B14D /* LaunchScreen.storyboard in Resources */,
				1B98031B1ED7314F00B7B14D /* music.mp3 in Resources */,
				1B9802FF1ED6E98E00B7B14D /* Assets.xcassets in Resources */,
				1B98030A1ED6FF9200B7B14D /* pokemon.csv in Resources */,
				1B9802FD1ED6E98E00B7B14D /* Main.storyboard in Resources */,
			);
			runOnlyForDeploymentPostprocessing = 0;
		};
/* End PBXResourcesBuildPhase section */

/* Begin PBXSourcesBuildPhase section */
		1B9802F01ED6E98E00B7B14D /* Sources */ = {
			isa = PBXSourcesBuildPhase;
			buildActionMask = 2147483647;
			files = (
				1B9803101ED70F5000B7B14D /* PokeCell.swift in Sources */,
				1B9802FA1ED6E98E00B7B14D /* ViewController.swift in Sources */,
				1B9802F81ED6E98E00B7B14D /* AppDelegate.swift in Sources */,
				1B98030D1ED702E000B7B14D /* Pokemon.swift in Sources */,
				1B9803171ED723CD00B7B14D /* csv.swift in Sources */,
			);
			runOnlyForDeploymentPostprocessing = 0;
		};
/* End PBXSourcesBuildPhase section */

/* Begin PBXVariantGroup section */
		1B9802FB1ED6E98E00B7B14D /* Main.storyboard */ = {
			isa = PBXVariantGroup;
			children = (
				1B9802FC1ED6E98E00B7B14D /* Base */,
			);
			name = Main.storyboard;
			sourceTree = "<group>";
		};
		1B9803001ED6E98E00B7B14D /* LaunchScreen.storyboard */ = {
			isa = PBXVariantGroup;
			children = (
				1B9803011ED6E98E00B7B14D /* Base */,
			);
			name = LaunchScreen.storyboard;
			sourceTree = "<group>";
		};
/* End PBXVariantGroup section */

/* Begin XCBuildConfiguration section */
		1B9803041ED6E98E00B7B14D /* Debug */ = {
			isa = XCBuildConfiguration;
			buildSettings = {
				ALWAYS_SEARCH_USER_PATHS = NO;
				CLANG_ANALYZER_NONNULL = YES;
				CLANG_ANALYZER_NUMBER_OBJECT_CONVERSION = YES_AGGRESSIVE;
				CLANG_CXX_LANGUAGE_STANDARD = "gnu++0x";
				CLANG_CXX_LIBRARY = "libc++";
				CLANG_ENABLE_MODULES = YES;
				CLANG_ENABLE_OBJC_ARC = YES;
				CLANG_WARN_BOOL_CONVERSION = YES;
				CLANG_WARN_CONSTANT_CONVERSION = YES;
				CLANG_WARN_DIRECT_OBJC_ISA_USAGE = YES_ERROR;
				CLANG_WARN_DOCUMENTATION_COMMENTS = YES;
				CLANG_WARN_EMPTY_BODY = YES;
				CLANG_WARN_ENUM_CONVERSION = YES;
				CLANG_WARN_INFINITE_RECURSION = YES;
				CLANG_WARN_INT_CONVERSION = YES;
				CLANG_WARN_OBJC_ROOT_CLASS = YES_ERROR;
				CLANG_WARN_SUSPICIOUS_MOVE = YES;
				CLANG_WARN_UNREACHABLE_CODE = YES;
				CLANG_WARN__DUPLICATE_METHOD_MATCH = YES;
				"CODE_SIGN_IDENTITY[sdk=iphoneos*]" = "iPhone Developer";
				COPY_PHASE_STRIP = NO;
				DEBUG_INFORMATION_FORMAT = dwarf;
				ENABLE_STRICT_OBJC_MSGSEND = YES;
				ENABLE_TESTABILITY = YES;
				GCC_C_LANGUAGE_STANDARD = gnu99;
				GCC_DYNAMIC_NO_PIC = NO;
				GCC_NO_COMMON_BLOCKS = YES;
				GCC_OPTIMIZATION_LEVEL = 0;
				GCC_PREPROCESSOR_DEFINITIONS = (
					"DEBUG=1",
					"$(inherited)",
				);
				GCC_WARN_64_TO_32_BIT_CONVERSION = YES;
				GCC_WARN_ABOUT_RETURN_TYPE = YES_ERROR;
				GCC_WARN_UNDECLARED_SELECTOR = YES;
				GCC_WARN_UNINITIALIZED_AUTOS = YES_AGGRESSIVE;
				GCC_WARN_UNUSED_FUNCTION = YES;
				GCC_WARN_UNUSED_VARIABLE = YES;
				IPHONEOS_DEPLOYMENT_TARGET = 10.3;
				MTL_ENABLE_DEBUG_INFO = YES;
				ONLY_ACTIVE_ARCH = YES;
				SDKROOT = iphoneos;
				SWIFT_ACTIVE_COMPILATION_CONDITIONS = DEBUG;
				SWIFT_OPTIMIZATION_LEVEL = "-Onone";
				TARGETED_DEVICE_FAMILY = "1,2";
			};
			name = Debug;
		};
		1B9803051ED6E98E00B7B14D /* Release */ = {
			isa = XCBuildConfiguration;
			buildSettings = {
				ALWAYS_SEARCH_USER_PATHS = NO;
				CLANG_ANALYZER_NONNULL = YES;
				CLANG_ANALYZER_NUMBER_OBJECT_CONVERSION = YES_AGGRESSIVE;
				CLANG_CXX_LANGUAGE_STANDARD = "gnu++0x";
				CLANG_CXX_LIBRARY = "libc++";
				CLANG_ENABLE_MODULES = YES;
				CLANG_ENABLE_OBJC_ARC = YES;
				CLANG_WARN_BOOL_CONVERSION = YES;
				CLANG_WARN_CONSTANT_CONVERSION = YES;
				CLANG_WARN_DIRECT_OBJC_ISA_USAGE = YES_ERROR;
				CLANG_WARN_DOCUMENTATION_COMMENTS = YES;
				CLANG_WARN_EMPTY_BODY = YES;
				CLANG_WARN_ENUM_CONVERSION = YES;
				CLANG_WARN_INFINITE_RECURSION = YES;
				CLANG_WARN_INT_CONVERSION = YES;
				CLANG_WARN_OBJC_ROOT_CLASS = YES_ERROR;
				CLANG_WARN_SUSPICIOUS_MOVE = YES;
				CLANG_WARN_UNREACHABLE_CODE = YES;
				CLANG_WARN__DUPLICATE_METHOD_MATCH = YES;
				"CODE_SIGN_IDENTITY[sdk=iphoneos*]" = "iPhone Developer";
				COPY_PHASE_STRIP = NO;
				DEBUG_INFORMATION_FORMAT = "dwarf-with-dsym";
				ENABLE_NS_ASSERTIONS = NO;
				ENABLE_STRICT_OBJC_MSGSEND = YES;
				GCC_C_LANGUAGE_STANDARD = gnu99;
				GCC_NO_COMMON_BLOCKS = YES;
				GCC_WARN_64_TO_32_BIT_CONVERSION = YES;
				GCC_WARN_ABOUT_RETURN_TYPE = YES_ERROR;
				GCC_WARN_UNDECLARED_SELECTOR = YES;
				GCC_WARN_UNINITIALIZED_AUTOS = YES_AGGRESSIVE;
				GCC_WARN_UNUSED_FUNCTION = YES;
				GCC_WARN_UNUSED_VARIABLE = YES;
				IPHONEOS_DEPLOYMENT_TARGET = 10.3;
				MTL_ENABLE_DEBUG_INFO = NO;
				SDKROOT = iphoneos;
				SWIFT_OPTIMIZATION_LEVEL = "-Owholemodule";
				TARGETED_DEVICE_FAMILY = "1,2";
				VALIDATE_PRODUCT = YES;
			};
			name = Release;
		};
		1B9803071ED6E98E00B7B14D /* Debug */ = {
			isa = XCBuildConfiguration;
			buildSettings = {
				ASSETCATALOG_COMPILER_APPICON_NAME = AppIcon;
				INFOPLIST_FILE = "Pokedex-by-MehmetEroglu/Info.plist";
				LD_RUNPATH_SEARCH_PATHS = "$(inherited) @executable_path/Frameworks";
				PRODUCT_BUNDLE_IDENTIFIER = "com.Pokedex-by-MehmetEroglu";
				PRODUCT_NAME = "$(TARGET_NAME)";
				SWIFT_VERSION = 3.0;
			};
			name = Debug;
		};
		1B9803081ED6E98E00B7B14D /* Release */ = {
			isa = XCBuildConfiguration;
			buildSettings = {
				ASSETCATALOG_COMPILER_APPICON_NAME = AppIcon;
				INFOPLIST_FILE = "Pokedex-by-MehmetEroglu/Info.plist";
				LD_RUNPATH_SEARCH_PATHS = "$(inherited) @executable_path/Frameworks";
				PRODUCT_BUNDLE_IDENTIFIER = "com.Pokedex-by-MehmetEroglu";
				PRODUCT_NAME = "$(TARGET_NAME)";
				SWIFT_VERSION = 3.0;
			};
			name = Release;
		};
/* End XCBuildConfiguration section */

/* Begin XCConfigurationList section */
		1B9802EF1ED6E98E00B7B14D /* Build configuration list for PBXProject "Pokedex-by-MehmetEroglu" */ = {
			isa = XCConfigurationList;
			buildConfigurations = (
				1B9803041ED6E98E00B7B14D /* Debug */,
				1B9803051ED6E98E00B7B14D /* Release */,
			);
			defaultConfigurationIsVisible = 0;
			defaultConfigurationName = Release;
		};
		1B9803061ED6E98E00B7B14D /* Build configuration list for PBXNativeTarget "Pokedex-by-MehmetEroglu" */ = {
			isa = XCConfigurationList;
			buildConfigurations = (
				1B9803071ED6E98E00B7B14D /* Debug */,
				1B9803081ED6E98E00B7B14D /* Release */,
			);
			defaultConfigurationIsVisible = 0;
		};
/* End XCConfigurationList section */
	};
	rootObject = 1B9802EC1ED6E98E00B7B14D /* Project object */;
}
